
Microsoft Visual Studio Solution File, Format Version 12.00
# Visual Studio Version 17
VisualStudioVersion = 17.12.35707.178
MinimumVisualStudioVersion = 10.0.40219.1
Project("{FAE04EC0-301F-11D3-BF4B-00C04F79EFBC}") = "DataAccessLayer", "DataAccessLayer\DataAccessLayer.csproj", "{16C5E94C-9F59-419B-812A-D234EA41E5FE}"
EndProject
Project("{FAE04EC0-301F-11D3-BF4B-00C04F79EFBC}") = "WpfApp", "WpfApp\WpfApp.csproj", "{369E2177-EC4D-478A-AA6C-04415CCAEA13}"
EndProject
Project("{FAE04EC0-301F-11D3-BF4B-00C04F79EFBC}") = "BookshopWpf.Tests", "BookshopWpf.Tests\BookshopWpf.Tests.csproj", "{D702CCB0-3CF2-4846-85B9-5866ABC7C721}"
EndProject
Global
	GlobalSection(SolutionConfigurationPlatforms) = preSolution
		Debug|Any CPU = Debug|Any CPU
		Release|Any CPU = Release|Any CPU
	EndGlobalSection
	GlobalSection(ProjectConfigurationPlatforms) = postSolution
		{16C5E94C-9F59-419B-812A-D234EA41E5FE}.Debug|Any CPU.ActiveCfg = Debug|Any CPU
		{16C5E94C-9F59-419B-812A-D234EA41E5FE}.Debug|Any CPU.Build.0 = Debug|Any CPU
		{16C5E94C-9F59-419B-812A-D234EA41E5FE}.Release|Any CPU.ActiveCfg = Release|Any CPU
		{16C5E94C-9F59-419B-812A-D234EA41E5FE}.Release|Any CPU.Build.0 = Release|Any CPU
		{369E2177-EC4D-478A-AA6C-04415CCAEA13}.Debug|Any CPU.ActiveCfg = Debug|Any CPU
		{369E2177-EC4D-478A-AA6C-04415CCAEA13}.Debug|Any CPU.Build.0 = Debug|Any CPU
		{369E2177-EC4D-478A-AA6C-04415CCAEA13}.Release|Any CPU.ActiveCfg = Release|Any CPU
		{369E2177-EC4D-478A-AA6C-04415CCAEA13}.Release|Any CPU.Build.0 = Release|Any CPU
		{D702CCB0-3CF2-4846-85B9-5866ABC7C721}.Debug|Any CPU.ActiveCfg = Debug|Any CPU
		{D702CCB0-3CF2-4846-85B9-5866ABC7C721}.Debug|Any CPU.Build.0 = Debug|Any CPU
		{D702CCB0-3CF2-4846-85B9-5866ABC7C721}.Release|Any CPU.ActiveCfg = Release|Any CPU
		{D702CCB0-3CF2-4846-85B9-5866ABC7C721}.Release|Any CPU.Build.0 = Release|Any CPU
	EndGlobalSection
	GlobalSection(SolutionProperties) = preSolution
		HideSolutionNode = FALSE
	EndGlobalSection
EndGlobal
